
Microsoft Visual Studio Solution File, Format Version 12.00
# Visual Studio Version 17
VisualStudioVersion = 17.9.34607.119
MinimumVisualStudioVersion = 10.0.40219.1
Project("{FAE04EC0-301F-11D3-BF4B-00C04F79EFBC}") = "Buscador", "Buscador\Buscador.csproj", "{2CD22649-A2F7-4539-8658-3C51C5A6390A}"
EndProject
Global
	GlobalSection(SolutionConfigurationPlatforms) = preSolution
		Debug|Any CPU = Debug|Any CPU
		Release|Any CPU = Release|Any CPU
	EndGlobalSection
	GlobalSection(ProjectConfigurationPlatforms) = postSolution
		{2CD22649-A2F7-4539-8658-3C51C5A6390A}.Debug|Any CPU.ActiveCfg = Debug|Any CPU
		{2CD22649-A2F7-4539-8658-3C51C5A6390A}.Debug|Any CPU.Build.0 = Debug|Any CPU
		{2CD22649-A2F7-4539-8658-3C51C5A6390A}.Release|Any CPU.ActiveCfg = Release|Any CPU
		{2CD22649-A2F7-4539-8658-3C51C5A6390A}.Release|Any CPU.Build.0 = Release|Any CPU
	EndGlobalSection
	GlobalSection(SolutionProperties) = preSolution
		HideSolutionNode = FALSE
	EndGlobalSection
	GlobalSection(ExtensibilityGlobals) = postSolution
		SolutionGuid = {01E7D5F0-9895-4D26-9798-B7CEE7A03F41}
	EndGlobalSection
EndGlobal
