
Microsoft Visual Studio Solution File, Format Version 12.00
# Visual Studio Version 17
VisualStudioVersion = 17.9.34607.119
MinimumVisualStudioVersion = 10.0.40219.1
Project("{9A19103F-16F7-4668-BE54-9A1E7A4F7556}") = "Buscador", "Buscador\Buscador.csproj", "{2CD22649-A2F7-4539-8658-3C51C5A6390A}"
EndProject
Project("{9A19103F-16F7-4668-BE54-9A1E7A4F7556}") = "Buscador.Domain", "Buscador.Domain\Buscador.Domain.csproj", "{619B05FF-2B93-42EA-855B-2544F2FB5275}"
EndProject
Project("{FAE04EC0-301F-11D3-BF4B-00C04F79EFBC}") = "Buscador.Application", "Buscador.Application\Buscador.Application.csproj", "{6DAF4FA3-435F-459E-923A-837336F95ADE}"
EndProject
Project("{FAE04EC0-301F-11D3-BF4B-00C04F79EFBC}") = "Buscador.Test", "Buscador.Test\Buscador.Test.csproj", "{D5B136A9-BEB0-4340-A9E3-486361AFDC48}"
EndProject
Global
	GlobalSection(SolutionConfigurationPlatforms) = preSolution
		Debug|Any CPU = Debug|Any CPU
		Release|Any CPU = Release|Any CPU
	EndGlobalSection
	GlobalSection(ProjectConfigurationPlatforms) = postSolution
		{2CD22649-A2F7-4539-8658-3C51C5A6390A}.Debug|Any CPU.ActiveCfg = Debug|Any CPU
		{2CD22649-A2F7-4539-8658-3C51C5A6390A}.Debug|Any CPU.Build.0 = Debug|Any CPU
		{2CD22649-A2F7-4539-8658-3C51C5A6390A}.Release|Any CPU.ActiveCfg = Release|Any CPU
		{2CD22649-A2F7-4539-8658-3C51C5A6390A}.Release|Any CPU.Build.0 = Release|Any CPU
		{619B05FF-2B93-42EA-855B-2544F2FB5275}.Debug|Any CPU.ActiveCfg = Debug|Any CPU
		{619B05FF-2B93-42EA-855B-2544F2FB5275}.Debug|Any CPU.Build.0 = Debug|Any CPU
		{619B05FF-2B93-42EA-855B-2544F2FB5275}.Release|Any CPU.ActiveCfg = Release|Any CPU
		{619B05FF-2B93-42EA-855B-2544F2FB5275}.Release|Any CPU.Build.0 = Release|Any CPU
		{6DAF4FA3-435F-459E-923A-837336F95ADE}.Debug|Any CPU.ActiveCfg = Debug|Any CPU
		{6DAF4FA3-435F-459E-923A-837336F95ADE}.Debug|Any CPU.Build.0 = Debug|Any CPU
		{6DAF4FA3-435F-459E-923A-837336F95ADE}.Release|Any CPU.ActiveCfg = Release|Any CPU
		{6DAF4FA3-435F-459E-923A-837336F95ADE}.Release|Any CPU.Build.0 = Release|Any CPU
		{D5B136A9-BEB0-4340-A9E3-486361AFDC48}.Debug|Any CPU.ActiveCfg = Debug|Any CPU
		{D5B136A9-BEB0-4340-A9E3-486361AFDC48}.Debug|Any CPU.Build.0 = Debug|Any CPU
		{D5B136A9-BEB0-4340-A9E3-486361AFDC48}.Release|Any CPU.ActiveCfg = Release|Any CPU
		{D5B136A9-BEB0-4340-A9E3-486361AFDC48}.Release|Any CPU.Build.0 = Release|Any CPU
	EndGlobalSection
	GlobalSection(SolutionProperties) = preSolution
		HideSolutionNode = FALSE
	EndGlobalSection
	GlobalSection(ExtensibilityGlobals) = postSolution
		SolutionGuid = {01E7D5F0-9895-4D26-9798-B7CEE7A03F41}
	EndGlobalSection
EndGlobal
